
Microsoft Visual Studio Solution File, Format Version 12.00
# Visual Studio Version 17
VisualStudioVersion = 17.14.36203.30 d17.14
MinimumVisualStudioVersion = 10.0.40219.1
Project("{888888A0-9F3D-457C-B088-3A5042F75D52}") = "Files", "Files\Files.pyproj", "{73D36880-9EDD-4B04-AD62-B148AB2030A9}"
EndProject
Global
	GlobalSection(SolutionConfigurationPlatforms) = preSolution
		Debug|Any CPU = Debug|Any CPU
		Release|Any CPU = Release|Any CPU
	EndGlobalSection
	GlobalSection(ProjectConfigurationPlatforms) = postSolution
		{73D36880-9EDD-4B04-AD62-B148AB2030A9}.Debug|Any CPU.ActiveCfg = Debug|Any CPU
		{73D36880-9EDD-4B04-AD62-B148AB2030A9}.Release|Any CPU.ActiveCfg = Release|Any CPU
	EndGlobalSection
	GlobalSection(SolutionProperties) = preSolution
		HideSolutionNode = FALSE
	EndGlobalSection
	GlobalSection(ExtensibilityGlobals) = postSolution
		SolutionGuid = {617CF39B-A0A7-4489-BC79-3AC0974BAC7F}
	EndGlobalSection
EndGlobal
